{
  "object": {
    "pins": [
      {
        "package": "BiSON",
        "repositoryURL": "https://github.com/smartdevicelink/bson_c_lib.git",
        "state": {
          "branch": null,
          "revision": "a94a863c3d3fa03cf8fe17cde7dbf84f5cb7f17a",
          "version": "1.2.4"
        }
      },
      {
        "package": "SmartDeviceLink",
        "repositoryURL": "https://github.com/smartdevicelink/sdl_ios",
        "state": {
          "branch": "master",
          "revision": "8b1bc1f9ba4df6a722c58ed376dff9fd0f28444c",
          "version": null
        }
      }
    ]
  },
  "version": 1
}
