{
  "object": {
    "pins": [
      {
        "package": "BiSON",
        "repositoryURL": "https://github.com/smartdevicelink/bson_c_lib.git",
        "state": {
          "branch": null,
          "revision": "a94a863c3d3fa03cf8fe17cde7dbf84f5cb7f17a",
          "version": "1.2.4"
        }
      },
      {
        "package": "SmartDeviceLink",
        "repositoryURL": "https://github.com/smartdevicelink/sdl_ios",
        "state": {
          "branch": "feature/issue_1579_alert_manager",
          "revision": "80db006f06e5a51e3698bff9c6d536f330a5d11b",
          "version": null
        }
      }
    ]
  },
  "version": 1
}
