{
  "object": {
    "pins": [
      {
        "package": "BiSON",
        "repositoryURL": "https://github.com/smartdevicelink/bson_c_lib.git",
        "state": {
          "branch": null,
          "revision": "a94a863c3d3fa03cf8fe17cde7dbf84f5cb7f17a",
          "version": "1.2.4"
        }
      },
      {
        "package": "SmartDeviceLink",
        "repositoryURL": "https://github.com/smartdevicelink/sdl_ios",
        "state": {
          "branch": null,
          "revision": "58f52f6dca97de018f5337332f410def76df26ec",
          "version": "7.0.0"
        }
      }
    ]
  },
  "version": 1
}
